{
  "version": 4,
  "terraform_version": "1.5.1",
  "serial": 965,
  "lineage": "c48cc461-2492-db07-04af-ea4b671afdb2",
  "outputs": {
    "apiGatewayEndPoint": {
      "value": "https://mrrqy8cau7.execute-api.us-east-1.amazonaws.com",
      "type": "string"
    }
  },
  "resources": [
    {
      "module": "module.apiGateway",
      "mode": "managed",
      "type": "aws_apigatewayv2_api",
      "name": "spring-api-gatewway",
      "provider": "provider[\"registry.terraform.io/hashicorp/aws\"]",
      "instances": [
        {
          "schema_version": 0,
          "attributes": {
            "api_endpoint": "https://mrrqy8cau7.execute-api.us-east-1.amazonaws.com",
            "api_key_selection_expression": "$request.header.x-api-key",
            "arn": "arn:aws:apigateway:us-east-1::/apis/mrrqy8cau7",
            "body": null,
            "cors_configuration": [],
            "credentials_arn": null,
            "description": "",
            "disable_execute_api_endpoint": false,
            "execution_arn": "arn:aws:execute-api:us-east-1:585194524908:mrrqy8cau7",
            "fail_on_warnings": null,
            "id": "mrrqy8cau7",
            "name": "spring-api-gateway",
            "protocol_type": "HTTP",
            "route_key": null,
            "route_selection_expression": "$request.method $request.path",
            "tags": {},
            "tags_all": {},
            "target": null,
            "version": ""
          },
          "sensitive_attributes": [],
          "private": "bnVsbA=="
        }
      ]
    },
    {
      "module": "module.apiGateway",
      "mode": "managed",
      "type": "aws_apigatewayv2_integration",
      "name": "lambda_integrtion",
      "provider": "provider[\"registry.terraform.io/hashicorp/aws\"]",
      "instances": [
        {
          "schema_version": 0,
          "attributes": {
            "api_id": "mrrqy8cau7",
            "connection_id": "",
            "connection_type": "INTERNET",
            "content_handling_strategy": "",
            "credentials_arn": "",
            "description": "",
            "id": "xzfz9ss",
            "integration_method": "POST",
            "integration_response_selection_expression": "",
            "integration_subtype": "",
            "integration_type": "AWS_PROXY",
            "integration_uri": "arn:aws:apigateway:us-east-1:lambda:path/2015-03-31/functions/arn:aws:lambda:us-east-1:585194524908:function:spring_boot_function/invocations",
            "passthrough_behavior": "",
            "payload_format_version": "2.0",
            "request_parameters": {},
            "request_templates": {},
            "response_parameters": [],
            "template_selection_expression": "",
            "timeout_milliseconds": 30000,
            "tls_config": []
          },
          "sensitive_attributes": [],
          "private": "bnVsbA==",
          "dependencies": [
            "module.apiGateway.aws_apigatewayv2_api.spring-api-gatewway",
            "module.request_lambda.aws_iam_policy.request_lambda_policy",
            "module.request_lambda.aws_iam_role.lambda_iam_role",
            "module.request_lambda.aws_lambda_function.spring_boot_lambda",
            "module.request_lambda.data.aws_iam_policy_document.request_lambda_policy_document",
            "module.sqs.aws_sqs_queue.terraform_queue"
          ]
        }
      ]
    },
    {
      "module": "module.apiGateway",
      "mode": "managed",
      "type": "aws_apigatewayv2_route",
      "name": "route",
      "provider": "provider[\"registry.terraform.io/hashicorp/aws\"]",
      "instances": [
        {
          "schema_version": 0,
          "attributes": {
            "api_id": "mrrqy8cau7",
            "api_key_required": false,
            "authorization_scopes": [],
            "authorization_type": "NONE",
            "authorizer_id": "",
            "id": "dbobfv6",
            "model_selection_expression": "",
            "operation_name": "",
            "request_models": {},
            "request_parameter": [],
            "route_key": "POST /test",
            "route_response_selection_expression": "",
            "target": "integrations/xzfz9ss"
          },
          "sensitive_attributes": [],
          "private": "bnVsbA==",
          "dependencies": [
            "module.apiGateway.aws_apigatewayv2_api.spring-api-gatewway",
            "module.apiGateway.aws_apigatewayv2_integration.lambda_integrtion",
            "module.request_lambda.aws_iam_policy.request_lambda_policy",
            "module.request_lambda.aws_iam_role.lambda_iam_role",
            "module.request_lambda.aws_lambda_function.spring_boot_lambda",
            "module.request_lambda.data.aws_iam_policy_document.request_lambda_policy_document",
            "module.sqs.aws_sqs_queue.terraform_queue"
          ]
        }
      ]
    },
    {
      "module": "module.apiGateway",
      "mode": "managed",
      "type": "aws_apigatewayv2_stage",
      "name": "stage",
      "provider": "provider[\"registry.terraform.io/hashicorp/aws\"]",
      "instances": [
        {
          "schema_version": 0,
          "attributes": {
            "access_log_settings": [],
            "api_id": "mrrqy8cau7",
            "arn": "arn:aws:apigateway:us-east-1::/apis/mrrqy8cau7/stages/$default",
            "auto_deploy": true,
            "client_certificate_id": "",
            "default_route_settings": [
              {
                "data_trace_enabled": false,
                "detailed_metrics_enabled": false,
                "logging_level": "",
                "throttling_burst_limit": 0,
                "throttling_rate_limit": 0
              }
            ],
            "deployment_id": "52j07g",
            "description": "",
            "execution_arn": "arn:aws:execute-api:us-east-1:585194524908:mrrqy8cau7/$default",
            "id": "$default",
            "invoke_url": "https://mrrqy8cau7.execute-api.us-east-1.amazonaws.com/",
            "name": "$default",
            "route_settings": [],
            "stage_variables": {},
            "tags": {},
            "tags_all": {}
          },
          "sensitive_attributes": [],
          "private": "bnVsbA==",
          "dependencies": [
            "module.apiGateway.aws_apigatewayv2_api.spring-api-gatewway"
          ]
        }
      ]
    },
    {
      "module": "module.apiGateway",
      "mode": "managed",
      "type": "aws_lambda_permission",
      "name": "lambda_permission",
      "provider": "provider[\"registry.terraform.io/hashicorp/aws\"]",
      "instances": [
        {
          "schema_version": 0,
          "attributes": {
            "action": "lambda:InvokeFunction",
            "event_source_token": null,
            "function_name": "spring_boot_function",
            "function_url_auth_type": null,
            "id": "AllowAPIGatewayToInvoke",
            "principal": "apigateway.amazonaws.com",
            "principal_org_id": null,
            "qualifier": "",
            "source_account": null,
            "source_arn": "arn:aws:execute-api:us-east-1:585194524908:mrrqy8cau7/*/*/*",
            "statement_id": "AllowAPIGatewayToInvoke",
            "statement_id_prefix": ""
          },
          "sensitive_attributes": [],
          "private": "bnVsbA==",
          "dependencies": [
            "module.apiGateway.aws_apigatewayv2_api.spring-api-gatewway"
          ]
        }
      ]
    },
    {
      "module": "module.consumer_lambda",
      "mode": "data",
      "type": "aws_iam_policy_document",
      "name": "consumer_lambda_policy_document",
      "provider": "provider[\"registry.terraform.io/hashicorp/aws\"]",
      "instances": [
        {
          "schema_version": 0,
          "attributes": {
            "id": "3039059456",
            "json": "{\n  \"Version\": \"2012-10-17\",\n  \"Statement\": [\n    {\n      \"Sid\": \"\",\n      \"Effect\": \"Allow\",\n      \"Action\": [\n        \"logs:PutLogEvents\",\n        \"logs:CreateLogStream\",\n        \"logs:CreateLogGroup\"\n      ],\n      \"Resource\": \"arn:aws:logs:*:*:*\"\n    },\n    {\n      \"Sid\": \"\",\n      \"Effect\": \"Allow\",\n      \"Action\": [\n        \"sqs:ReceiveMessage\",\n        \"sqs:GetQueueAttributes\",\n        \"sqs:DeleteMessage\"\n      ],\n      \"Resource\": \"arn:aws:sqs:us-east-1:585194524908:terraform-example-queue\"\n    }\n  ]\n}",
            "override_json": null,
            "override_policy_documents": null,
            "policy_id": null,
            "source_json": null,
            "source_policy_documents": null,
            "statement": [
              {
                "actions": [
                  "logs:CreateLogGroup",
                  "logs:CreateLogStream",
                  "logs:PutLogEvents"
                ],
                "condition": [],
                "effect": "Allow",
                "not_actions": [],
                "not_principals": [],
                "not_resources": [],
                "principals": [],
                "resources": [
                  "arn:aws:logs:*:*:*"
                ],
                "sid": ""
              },
              {
                "actions": [
                  "sqs:DeleteMessage",
                  "sqs:GetQueueAttributes",
                  "sqs:ReceiveMessage"
                ],
                "condition": [],
                "effect": "Allow",
                "not_actions": [],
                "not_principals": [],
                "not_resources": [],
                "principals": [],
                "resources": [
                  "arn:aws:sqs:us-east-1:585194524908:terraform-example-queue"
                ],
                "sid": ""
              }
            ],
            "version": "2012-10-17"
          },
          "sensitive_attributes": []
        }
      ]
    },
    {
      "module": "module.consumer_lambda",
      "mode": "managed",
      "type": "aws_iam_policy",
      "name": "consumer_lambda_policy",
      "provider": "provider[\"registry.terraform.io/hashicorp/aws\"]",
      "instances": [
        {
          "schema_version": 0,
          "attributes": {
            "arn": "arn:aws:iam::585194524908:policy/lambda_policy20230713015333498900000002",
            "description": "",
            "id": "arn:aws:iam::585194524908:policy/lambda_policy20230713015333498900000002",
            "name": "lambda_policy20230713015333498900000002",
            "name_prefix": "lambda_policy",
            "path": "/",
            "policy": "{\"Statement\":[{\"Action\":[\"logs:PutLogEvents\",\"logs:CreateLogStream\",\"logs:CreateLogGroup\"],\"Effect\":\"Allow\",\"Resource\":\"arn:aws:logs:*:*:*\",\"Sid\":\"\"},{\"Action\":[\"sqs:ReceiveMessage\",\"sqs:GetQueueAttributes\",\"sqs:DeleteMessage\"],\"Effect\":\"Allow\",\"Resource\":\"arn:aws:sqs:us-east-1:585194524908:terraform-example-queue\",\"Sid\":\"\"}],\"Version\":\"2012-10-17\"}",
            "policy_id": "ANPAYQQCP2DWJVKNEDBQ4",
            "tags": {},
            "tags_all": {}
          },
          "sensitive_attributes": [],
          "private": "bnVsbA==",
          "dependencies": [
            "module.consumer_lambda.data.aws_iam_policy_document.consumer_lambda_policy_document",
            "module.sqs.aws_sqs_queue.terraform_queue"
          ],
          "create_before_destroy": true
        }
      ]
    },
    {
      "module": "module.consumer_lambda",
      "mode": "managed",
      "type": "aws_iam_role",
      "name": "lambda_sqs_listener_role",
      "provider": "provider[\"registry.terraform.io/hashicorp/aws\"]",
      "instances": [
        {
          "schema_version": 0,
          "attributes": {
            "arn": "arn:aws:iam::585194524908:role/terraform-20230713015333759500000003",
            "assume_role_policy": "{\"Statement\":[{\"Action\":\"sts:AssumeRole\",\"Effect\":\"Allow\",\"Principal\":{\"Service\":\"lambda.amazonaws.com\"},\"Sid\":\"\"}],\"Version\":\"2012-10-17\"}",
            "create_date": "2023-07-13T01:53:33Z",
            "description": "",
            "force_detach_policies": false,
            "id": "terraform-20230713015333759500000003",
            "inline_policy": [],
            "managed_policy_arns": [
              "arn:aws:iam::585194524908:policy/lambda_policy20230713015333498900000002"
            ],
            "max_session_duration": 3600,
            "name": "terraform-20230713015333759500000003",
            "name_prefix": "terraform-",
            "path": "/",
            "permissions_boundary": null,
            "tags": {},
            "tags_all": {},
            "unique_id": "AROAYQQCP2DWHXLOCSBQY"
          },
          "sensitive_attributes": [],
          "private": "bnVsbA==",
          "dependencies": [
            "module.consumer_lambda.aws_iam_policy.consumer_lambda_policy",
            "module.consumer_lambda.data.aws_iam_policy_document.consumer_lambda_policy_document",
            "module.sqs.aws_sqs_queue.terraform_queue"
          ]
        }
      ]
    },
    {
      "module": "module.consumer_lambda",
      "mode": "managed",
      "type": "aws_lambda_function",
      "name": "sqs_listener_lambda",
      "provider": "provider[\"registry.terraform.io/hashicorp/aws\"]",
      "instances": [
        {
          "schema_version": 0,
          "attributes": {
            "architectures": [
              "x86_64"
            ],
            "arn": "arn:aws:lambda:us-east-1:585194524908:function:sqs_listener_function",
            "code_signing_config_arn": "",
            "dead_letter_config": [],
            "description": "",
            "environment": [
              {
                "variables": {
                  "spring_cloud_function_definition": "processOrder"
                }
              }
            ],
            "ephemeral_storage": [
              {
                "size": 512
              }
            ],
            "file_system_config": [],
            "filename": "modules/consumer_lambda/../../../sqs-listener/target/sqs-listener-0.0.1-SNAPSHOT-aws.jar",
            "function_name": "sqs_listener_function",
            "handler": "org.springframework.cloud.function.adapter.aws.FunctionInvoker::handleRequest",
            "id": "sqs_listener_function",
            "image_config": [],
            "image_uri": "",
            "invoke_arn": "arn:aws:apigateway:us-east-1:lambda:path/2015-03-31/functions/arn:aws:lambda:us-east-1:585194524908:function:sqs_listener_function/invocations",
            "kms_key_arn": "",
            "last_modified": "2023-07-13T01:54:20.931+0000",
            "layers": [],
            "memory_size": 512,
            "package_type": "Zip",
            "publish": false,
            "qualified_arn": "arn:aws:lambda:us-east-1:585194524908:function:sqs_listener_function:$LATEST",
            "qualified_invoke_arn": "arn:aws:apigateway:us-east-1:lambda:path/2015-03-31/functions/arn:aws:lambda:us-east-1:585194524908:function:sqs_listener_function:$LATEST/invocations",
            "reserved_concurrent_executions": -1,
            "role": "arn:aws:iam::585194524908:role/terraform-20230713015333759500000003",
            "runtime": "java11",
            "s3_bucket": null,
            "s3_key": null,
            "s3_object_version": null,
            "signing_job_arn": "",
            "signing_profile_version_arn": "",
            "snap_start": [
              {
                "apply_on": "PublishedVersions",
                "optimization_status": "Off"
              }
            ],
            "source_code_hash": "rO22Ytj/Qlp/l5IWc7PTI6fephjf03nP1zgx0CNJ5Bc=",
            "source_code_size": 34818861,
            "tags": {},
            "tags_all": {},
            "timeout": 15,
            "timeouts": null,
            "tracing_config": [
              {
                "mode": "PassThrough"
              }
            ],
            "version": "$LATEST",
            "vpc_config": []
          },
          "sensitive_attributes": [],
          "private": "eyJlMmJmYjczMC1lY2FhLTExZTYtOGY4OC0zNDM2M2JjN2M0YzAiOnsiY3JlYXRlIjo2MDAwMDAwMDAwMDB9fQ==",
          "dependencies": [
            "module.consumer_lambda.aws_iam_policy.consumer_lambda_policy",
            "module.consumer_lambda.aws_iam_role.lambda_sqs_listener_role",
            "module.consumer_lambda.data.aws_iam_policy_document.consumer_lambda_policy_document",
            "module.sqs.aws_sqs_queue.terraform_queue"
          ]
        }
      ]
    },
    {
      "module": "module.consumer_lambda",
      "mode": "managed",
      "type": "aws_lambda_permission",
      "name": "with_sqs",
      "provider": "provider[\"registry.terraform.io/hashicorp/aws\"]",
      "instances": [
        {
          "schema_version": 0,
          "attributes": {
            "action": "lambda:InvokeFunction",
            "event_source_token": null,
            "function_name": "arn:aws:lambda:us-east-1:585194524908:function:sqs_listener_function",
            "function_url_auth_type": null,
            "id": "AllowExecutionFromSQS",
            "principal": "sqs.amazonaws.com",
            "principal_org_id": null,
            "qualifier": "",
            "source_account": null,
            "source_arn": "arn:aws:sqs:us-east-1:585194524908:terraform-example-queue",
            "statement_id": "AllowExecutionFromSQS",
            "statement_id_prefix": ""
          },
          "sensitive_attributes": [],
          "private": "bnVsbA==",
          "dependencies": [
            "module.consumer_lambda.aws_iam_policy.consumer_lambda_policy",
            "module.consumer_lambda.aws_iam_role.lambda_sqs_listener_role",
            "module.consumer_lambda.aws_lambda_function.sqs_listener_lambda",
            "module.consumer_lambda.data.aws_iam_policy_document.consumer_lambda_policy_document",
            "module.sqs.aws_sqs_queue.terraform_queue"
          ]
        }
      ]
    },
    {
      "module": "module.request_lambda",
      "mode": "data",
      "type": "aws_iam_policy_document",
      "name": "request_lambda_policy_document",
      "provider": "provider[\"registry.terraform.io/hashicorp/aws\"]",
      "instances": [
        {
          "schema_version": 0,
          "attributes": {
            "id": "4224392518",
            "json": "{\n  \"Version\": \"2012-10-17\",\n  \"Statement\": [\n    {\n      \"Sid\": \"\",\n      \"Effect\": \"Allow\",\n      \"Action\": \"sqs:*\",\n      \"Resource\": \"arn:aws:sqs:us-east-1:585194524908:terraform-example-queue\"\n    },\n    {\n      \"Sid\": \"\",\n      \"Effect\": \"Allow\",\n      \"Action\": [\n        \"logs:PutLogEvents\",\n        \"logs:CreateLogStream\",\n        \"logs:CreateLogGroup\"\n      ],\n      \"Resource\": \"arn:aws:logs:*:*:*\"\n    }\n  ]\n}",
            "override_json": null,
            "override_policy_documents": null,
            "policy_id": null,
            "source_json": null,
            "source_policy_documents": null,
            "statement": [
              {
                "actions": [
                  "sqs:*"
                ],
                "condition": [],
                "effect": "Allow",
                "not_actions": [],
                "not_principals": [],
                "not_resources": [],
                "principals": [],
                "resources": [
                  "arn:aws:sqs:us-east-1:585194524908:terraform-example-queue"
                ],
                "sid": ""
              },
              {
                "actions": [
                  "logs:CreateLogGroup",
                  "logs:CreateLogStream",
                  "logs:PutLogEvents"
                ],
                "condition": [],
                "effect": "Allow",
                "not_actions": [],
                "not_principals": [],
                "not_resources": [],
                "principals": [],
                "resources": [
                  "arn:aws:logs:*:*:*"
                ],
                "sid": ""
              }
            ],
            "version": "2012-10-17"
          },
          "sensitive_attributes": []
        }
      ]
    },
    {
      "module": "module.request_lambda",
      "mode": "managed",
      "type": "aws_iam_policy",
      "name": "request_lambda_policy",
      "provider": "provider[\"registry.terraform.io/hashicorp/aws\"]",
      "instances": [
        {
          "schema_version": 0,
          "attributes": {
            "arn": "arn:aws:iam::585194524908:policy/lambda_policy20230713015333498900000001",
            "description": "",
            "id": "arn:aws:iam::585194524908:policy/lambda_policy20230713015333498900000001",
            "name": "lambda_policy20230713015333498900000001",
            "name_prefix": "lambda_policy",
            "path": "/",
            "policy": "{\"Statement\":[{\"Action\":\"sqs:*\",\"Effect\":\"Allow\",\"Resource\":\"arn:aws:sqs:us-east-1:585194524908:terraform-example-queue\",\"Sid\":\"\"},{\"Action\":[\"logs:PutLogEvents\",\"logs:CreateLogStream\",\"logs:CreateLogGroup\"],\"Effect\":\"Allow\",\"Resource\":\"arn:aws:logs:*:*:*\",\"Sid\":\"\"}],\"Version\":\"2012-10-17\"}",
            "policy_id": "ANPAYQQCP2DWDVBUHIDMG",
            "tags": {},
            "tags_all": {}
          },
          "sensitive_attributes": [],
          "private": "bnVsbA==",
          "dependencies": [
            "module.request_lambda.data.aws_iam_policy_document.request_lambda_policy_document",
            "module.sqs.aws_sqs_queue.terraform_queue"
          ],
          "create_before_destroy": true
        }
      ]
    },
    {
      "module": "module.request_lambda",
      "mode": "managed",
      "type": "aws_iam_role",
      "name": "lambda_iam_role",
      "provider": "provider[\"registry.terraform.io/hashicorp/aws\"]",
      "instances": [
        {
          "schema_version": 0,
          "attributes": {
            "arn": "arn:aws:iam::585194524908:role/terraform-20230713015333759500000004",
            "assume_role_policy": "{\"Statement\":[{\"Action\":\"sts:AssumeRole\",\"Effect\":\"Allow\",\"Principal\":{\"Service\":\"lambda.amazonaws.com\"},\"Sid\":\"\"}],\"Version\":\"2012-10-17\"}",
            "create_date": "2023-07-13T01:53:33Z",
            "description": "",
            "force_detach_policies": false,
            "id": "terraform-20230713015333759500000004",
            "inline_policy": [],
            "managed_policy_arns": [
              "arn:aws:iam::585194524908:policy/lambda_policy20230713015333498900000001"
            ],
            "max_session_duration": 3600,
            "name": "terraform-20230713015333759500000004",
            "name_prefix": "terraform-",
            "path": "/",
            "permissions_boundary": null,
            "tags": {},
            "tags_all": {},
            "unique_id": "AROAYQQCP2DWHC73BP672"
          },
          "sensitive_attributes": [],
          "private": "bnVsbA==",
          "dependencies": [
            "module.request_lambda.aws_iam_policy.request_lambda_policy",
            "module.request_lambda.data.aws_iam_policy_document.request_lambda_policy_document",
            "module.sqs.aws_sqs_queue.terraform_queue"
          ]
        }
      ]
    },
    {
      "module": "module.request_lambda",
      "mode": "managed",
      "type": "aws_lambda_function",
      "name": "spring_boot_lambda",
      "provider": "provider[\"registry.terraform.io/hashicorp/aws\"]",
      "instances": [
        {
          "schema_version": 0,
          "attributes": {
            "architectures": [
              "x86_64"
            ],
            "arn": "arn:aws:lambda:us-east-1:585194524908:function:spring_boot_function",
            "code_signing_config_arn": "",
            "dead_letter_config": [],
            "description": "",
            "environment": [
              {
                "variables": {
                  "SQSqueueName": "arn:aws:sqs:us-east-1:585194524908:terraform-example-queue",
                  "spring_cloud_function_definition": "placeOrder"
                }
              }
            ],
            "ephemeral_storage": [
              {
                "size": 512
              }
            ],
            "file_system_config": [],
            "filename": "modules/request_lambda/../../../request-handler/target/request-handler-0.0.1-SNAPSHOT-aws.jar",
            "function_name": "spring_boot_function",
            "handler": "org.springframework.cloud.function.adapter.aws.FunctionInvoker::handleRequest",
            "id": "spring_boot_function",
            "image_config": [],
            "image_uri": "",
            "invoke_arn": "arn:aws:apigateway:us-east-1:lambda:path/2015-03-31/functions/arn:aws:lambda:us-east-1:585194524908:function:spring_boot_function/invocations",
            "kms_key_arn": "",
            "last_modified": "2023-07-13T01:55:02.450+0000",
            "layers": [],
            "memory_size": 512,
            "package_type": "Zip",
            "publish": false,
            "qualified_arn": "arn:aws:lambda:us-east-1:585194524908:function:spring_boot_function:$LATEST",
            "qualified_invoke_arn": "arn:aws:apigateway:us-east-1:lambda:path/2015-03-31/functions/arn:aws:lambda:us-east-1:585194524908:function:spring_boot_function:$LATEST/invocations",
            "reserved_concurrent_executions": -1,
            "role": "arn:aws:iam::585194524908:role/terraform-20230713015333759500000004",
            "runtime": "java11",
            "s3_bucket": null,
            "s3_key": null,
            "s3_object_version": null,
            "signing_job_arn": "",
            "signing_profile_version_arn": "",
            "snap_start": [
              {
                "apply_on": "PublishedVersions",
                "optimization_status": "Off"
              }
            ],
            "source_code_hash": "uRh/Vecnu9mZaz/vHYtKCebwcYRtHVJEnuckRHYgmw4=",
            "source_code_size": 32894762,
            "tags": {},
            "tags_all": {},
            "timeout": 15,
            "timeouts": null,
            "tracing_config": [
              {
                "mode": "PassThrough"
              }
            ],
            "version": "$LATEST",
            "vpc_config": []
          },
          "sensitive_attributes": [],
          "private": "eyJlMmJmYjczMC1lY2FhLTExZTYtOGY4OC0zNDM2M2JjN2M0YzAiOnsiY3JlYXRlIjo2MDAwMDAwMDAwMDB9fQ==",
          "dependencies": [
            "module.request_lambda.aws_iam_policy.request_lambda_policy",
            "module.request_lambda.aws_iam_role.lambda_iam_role",
            "module.request_lambda.data.aws_iam_policy_document.request_lambda_policy_document",
            "module.sqs.aws_sqs_queue.terraform_queue"
          ]
        }
      ]
    },
    {
      "module": "module.sqs",
      "mode": "managed",
      "type": "aws_sqs_queue",
      "name": "terraform_queue",
      "provider": "provider[\"registry.terraform.io/hashicorp/aws\"]",
      "instances": [
        {
          "schema_version": 0,
          "attributes": {
            "arn": "arn:aws:sqs:us-east-1:585194524908:terraform-example-queue",
            "content_based_deduplication": false,
            "deduplication_scope": "",
            "delay_seconds": 2,
            "fifo_queue": false,
            "fifo_throughput_limit": "",
            "id": "https://sqs.us-east-1.amazonaws.com/585194524908/terraform-example-queue",
            "kms_data_key_reuse_period_seconds": 300,
            "kms_master_key_id": "",
            "max_message_size": 2048,
            "message_retention_seconds": 86400,
            "name": "terraform-example-queue",
            "name_prefix": "",
            "policy": "",
            "receive_wait_time_seconds": 10,
            "redrive_allow_policy": "",
            "redrive_policy": "",
            "sqs_managed_sse_enabled": true,
            "tags": {
              "Environment": "production"
            },
            "tags_all": {
              "Environment": "production"
            },
            "url": "https://sqs.us-east-1.amazonaws.com/585194524908/terraform-example-queue",
            "visibility_timeout_seconds": 30
          },
          "sensitive_attributes": [],
          "private": "bnVsbA==",
          "create_before_destroy": true
        }
      ]
    }
  ],
  "check_results": null
}
